// !$*UTF8*$!
{
	archiveVersion = 1;
	classes = {
	};
	objectVersion = 50;
	objects = {

/* Begin PBXBuildFile section */
		870DB0DA2838E24900FE3C38 /* AppDelegate.swift in Sources */ = {isa = PBXBuildFile; fileRef = 870DB0D92838E24900FE3C38 /* AppDelegate.swift */; };
		870DB0DC2838E24900FE3C38 /* SceneDelegate.swift in Sources */ = {isa = PBXBuildFile; fileRef = 870DB0DB2838E24900FE3C38 /* SceneDelegate.swift */; };
		870DB0DE2838E24900FE3C38 /* ViewController.swift in Sources */ = {isa = PBXBuildFile; fileRef = 870DB0DD2838E24900FE3C38 /* ViewController.swift */; };
		870DB0E12838E24900FE3C38 /* Main.storyboard in Resources */ = {isa = PBXBuildFile; fileRef = 870DB0DF2838E24900FE3C38 /* Main.storyboard */; };
		870DB0E32838E24C00FE3C38 /* Assets.xcassets in Resources */ = {isa = PBXBuildFile; fileRef = 870DB0E22838E24C00FE3C38 /* Assets.xcassets */; };
		870DB0E62838E24C00FE3C38 /* LaunchScreen.storyboard in Resources */ = {isa = PBXBuildFile; fileRef = 870DB0E42838E24C00FE3C38 /* LaunchScreen.storyboard */; };
/* End PBXBuildFile section */

/* Begin PBXFileReference section */
		870DB0D62838E24900FE3C38 /* TimeChecker.app */ = {isa = PBXFileReference; explicitFileType = wrapper.application; includeInIndex = 0; path = TimeChecker.app; sourceTree = BUILT_PRODUCTS_DIR; };
		870DB0D92838E24900FE3C38 /* AppDelegate.swift */ = {isa = PBXFileReference; lastKnownFileType = sourcecode.swift; path = AppDelegate.swift; sourceTree = "<group>"; };
		870DB0DB2838E24900FE3C38 /* SceneDelegate.swift */ = {isa = PBXFileReference; lastKnownFileType = sourcecode.swift; path = SceneDelegate.swift; sourceTree = "<group>"; };
		870DB0DD2838E24900FE3C38 /* ViewController.swift */ = {isa = PBXFileReference; lastKnownFileType = sourcecode.swift; path = ViewController.swift; sourceTree = "<group>"; };
		870DB0E02838E24900FE3C38 /* Base */ = {isa = PBXFileReference; lastKnownFileType = file.storyboard; name = Base; path = Base.lproj/Main.storyboard; sourceTree = "<group>"; };
		870DB0E22838E24C00FE3C38 /* Assets.xcassets */ = {isa = PBXFileReference; lastKnownFileType = folder.assetcatalog; path = Assets.xcassets; sourceTree = "<group>"; };
		870DB0E52838E24C00FE3C38 /* Base */ = {isa = PBXFileReference; lastKnownFileType = file.storyboard; name = Base; path = Base.lproj/LaunchScreen.storyboard; sourceTree = "<group>"; };
		870DB0E72838E24C00FE3C38 /* Info.plist */ = {isa = PBXFileReference; lastKnownFileType = text.plist.xml; path = Info.plist; sourceTree = "<group>"; };
/* End PBXFileReference section */

/* Begin PBXFrameworksBuildPhase section */
		870DB0D32838E24900FE3C38 /* Frameworks */ = {
			isa = PBXFrameworksBuildPhase;
			buildActionMask = 2147483647;
			files = (
			);
			runOnlyForDeploymentPostprocessing = 0;
		};
/* End PBXFrameworksBuildPhase section */

/* Begin PBXGroup section */
		870DB0CD2838E24900FE3C38 = {
			isa = PBXGroup;
			children = (
				870DB0D82838E24900FE3C38 /* TimeChecker */,
				870DB0D72838E24900FE3C38 /* Products */,
			);
			sourceTree = "<group>";
		};
		870DB0D72838E24900FE3C38 /* Products */ = {
			isa = PBXGroup;
			children = (
				870DB0D62838E24900FE3C38 /* TimeChecker.app */,
			);
			name = Products;
			sourceTree = "<group>";
		};
		870DB0D82838E24900FE3C38 /* TimeChecker */ = {
			isa = PBXGroup;
			children = (
				870DB0D92838E24900FE3C38 /* AppDelegate.swift */,
				870DB0DB2838E24900FE3C38 /* SceneDelegate.swift */,
				870DB0DD2838E24900FE3C38 /* ViewController.swift */,
				870DB0DF2838E24900FE3C38 /* Main.storyboard */,
				870DB0E22838E24C00FE3C38 /* Assets.xcassets */,
				870DB0E42838E24C00FE3C38 /* LaunchScreen.storyboard */,
				870DB0E72838E24C00FE3C38 /* Info.plist */,
			);
			path = TimeChecker;
			sourceTree = "<group>";
		};
/* End PBXGroup section */

/* Begin PBXNativeTarget section */
		870DB0D52838E24900FE3C38 /* TimeChecker */ = {
			isa = PBXNativeTarget;
			buildConfigurationList = 870DB0EA2838E24C00FE3C38 /* Build configuration list for PBXNativeTarget "TimeChecker" */;
			buildPhases = (
				870DB0D22838E24900FE3C38 /* Sources */,
				870DB0D32838E24900FE3C38 /* Frameworks */,
				870DB0D42838E24900FE3C38 /* Resources */,
			);
			buildRules = (
			);
			dependencies = (
			);
			name = TimeChecker;
			productName = TimeChecker;
			productReference = 870DB0D62838E24900FE3C38 /* TimeChecker.app */;
			productType = "com.apple.product-type.application";
		};
/* End PBXNativeTarget section */

/* Begin PBXProject section */
		870DB0CE2838E24900FE3C38 /* Project object */ = {
			isa = PBXProject;
			attributes = {
				LastSwiftUpdateCheck = 1210;
				LastUpgradeCheck = 1210;
				TargetAttributes = {
					870DB0D52838E24900FE3C38 = {
						CreatedOnToolsVersion = 12.1;
					};
				};
			};
			buildConfigurationList = 870DB0D12838E24900FE3C38 /* Build configuration list for PBXProject "TimeChecker" */;
			compatibilityVersion = "Xcode 9.3";
			developmentRegion = en;
			hasScannedForEncodings = 0;
			knownRegions = (
				en,
				Base,
			);
			mainGroup = 870DB0CD2838E24900FE3C38;
			productRefGroup = 870DB0D72838E24900FE3C38 /* Products */;
			projectDirPath = "";
			projectRoot = "";
			targets = (
				870DB0D52838E24900FE3C38 /* TimeChecker */,
			);
		};
/* End PBXProject section */

/* Begin PBXResourcesBuildPhase section */
		870DB0D42838E24900FE3C38 /* Resources */ = {
			isa = PBXResourcesBuildPhase;
			buildActionMask = 2147483647;
			files = (
				870DB0E62838E24C00FE3C38 /* LaunchScreen.storyboard in Resources */,
				870DB0E32838E24C00FE3C38 /* Assets.xcassets in Resources */,
				870DB0E12838E24900FE3C38 /* Main.storyboard in Resources */,
			);
			runOnlyForDeploymentPostprocessing = 0;
		};
/* End PBXResourcesBuildPhase section */

/* Begin PBXSourcesBuildPhase section */
		870DB0D22838E24900FE3C38 /* Sources */ = {
			isa = PBXSourcesBuildPhase;
			buildActionMask = 2147483647;
			files = (
				870DB0DE2838E24900FE3C38 /* ViewController.swift in Sources */,
				870DB0DA2838E24900FE3C38 /* AppDelegate.swift in Sources */,
				870DB0DC2838E24900FE3C38 /* SceneDelegate.swift in Sources */,
			);
			runOnlyForDeploymentPostprocessing = 0;
		};
/* End PBXSourcesBuildPhase section */

/* Begin PBXVariantGroup section */
		870DB0DF2838E24900FE3C38 /* Main.storyboard */ = {
			isa = PBXVariantGroup;
			children = (
				870DB0E02838E24900FE3C38 /* Base */,
			);
			name = Main.storyboard;
			sourceTree = "<group>";
		};
		870DB0E42838E24C00FE3C38 /* LaunchScreen.storyboard */ = {
			isa = PBXVariantGroup;
			children = (
				870DB0E52838E24C00FE3C38 /* Base */,
			);
			name = LaunchScreen.storyboard;
			sourceTree = "<group>";
		};
/* End PBXVariantGroup section */

/* Begin XCBuildConfiguration section */
		870DB0E82838E24C00FE3C38 /* Debug */ = {
			isa = XCBuildConfiguration;
			buildSettings = {
				ALWAYS_SEARCH_USER_PATHS = NO;
				CLANG_ANALYZER_NONNULL = YES;
				CLANG_ANALYZER_NUMBER_OBJECT_CONVERSION = YES_AGGRESSIVE;
				CLANG_CXX_LANGUAGE_STANDARD = "gnu++14";
				CLANG_CXX_LIBRARY = "libc++";
				CLANG_ENABLE_MODULES = YES;
				CLANG_ENABLE_OBJC_ARC = YES;
				CLANG_ENABLE_OBJC_WEAK = YES;
				CLANG_WARN_BLOCK_CAPTURE_AUTORELEASING = YES;
				CLANG_WARN_BOOL_CONVERSION = YES;
				CLANG_WARN_COMMA = YES;
				CLANG_WARN_CONSTANT_CONVERSION = YES;
				CLANG_WARN_DEPRECATED_OBJC_IMPLEMENTATIONS = YES;
				CLANG_WARN_DIRECT_OBJC_ISA_USAGE = YES_ERROR;
				CLANG_WARN_DOCUMENTATION_COMMENTS = YES;
				CLANG_WARN_EMPTY_BODY = YES;
				CLANG_WARN_ENUM_CONVERSION = YES;
				CLANG_WARN_INFINITE_RECURSION = YES;
				CLANG_WARN_INT_CONVERSION = YES;
				CLANG_WARN_NON_LITERAL_NULL_CONVERSION = YES;
				CLANG_WARN_OBJC_IMPLICIT_RETAIN_SELF = YES;
				CLANG_WARN_OBJC_LITERAL_CONVERSION = YES;
				CLANG_WARN_OBJC_ROOT_CLASS = YES_ERROR;
				CLANG_WARN_QUOTED_INCLUDE_IN_FRAMEWORK_HEADER = YES;
				CLANG_WARN_RANGE_LOOP_ANALYSIS = YES;
				CLANG_WARN_STRICT_PROTOTYPES = YES;
				CLANG_WARN_SUSPICIOUS_MOVE = YES;
				CLANG_WARN_UNGUARDED_AVAILABILITY = YES_AGGRESSIVE;
				CLANG_WARN_UNREACHABLE_CODE = YES;
				CLANG_WARN__DUPLICATE_METHOD_MATCH = YES;
				COPY_PHASE_STRIP = NO;
				DEBUG_INFORMATION_FORMAT = dwarf;
				ENABLE_STRICT_OBJC_MSGSEND = YES;
				ENABLE_TESTABILITY = YES;
				GCC_C_LANGUAGE_STANDARD = gnu11;
				GCC_DYNAMIC_NO_PIC = NO;
				GCC_NO_COMMON_BLOCKS = YES;
				GCC_OPTIMIZATION_LEVEL = 0;
				GCC_PREPROCESSOR_DEFINITIONS = (
					"DEBUG=1",
					"$(inherited)",
				);
				GCC_WARN_64_TO_32_BIT_CONVERSION = YES;
				GCC_WARN_ABOUT_RETURN_TYPE = YES_ERROR;
				GCC_WARN_UNDECLARED_SELECTOR = YES;
				GCC_WARN_UNINITIALIZED_AUTOS = YES_AGGRESSIVE;
				GCC_WARN_UNUSED_FUNCTION = YES;
				GCC_WARN_UNUSED_VARIABLE = YES;
				IPHONEOS_DEPLOYMENT_TARGET = 14.1;
				MTL_ENABLE_DEBUG_INFO = INCLUDE_SOURCE;
				MTL_FAST_MATH = YES;
				ONLY_ACTIVE_ARCH = YES;
				SDKROOT = iphoneos;
				SWIFT_ACTIVE_COMPILATION_CONDITIONS = DEBUG;
				SWIFT_OPTIMIZATION_LEVEL = "-Onone";
			};
			name = Debug;
		};
		870DB0E92838E24C00FE3C38 /* Release */ = {
			isa = XCBuildConfiguration;
			buildSettings = {
				ALWAYS_SEARCH_USER_PATHS = NO;
				CLANG_ANALYZER_NONNULL = YES;
				CLANG_ANALYZER_NUMBER_OBJECT_CONVERSION = YES_AGGRESSIVE;
				CLANG_CXX_LANGUAGE_STANDARD = "gnu++14";
				CLANG_CXX_LIBRARY = "libc++";
				CLANG_ENABLE_MODULES = YES;
				CLANG_ENABLE_OBJC_ARC = YES;
				CLANG_ENABLE_OBJC_WEAK = YES;
				CLANG_WARN_BLOCK_CAPTURE_AUTORELEASING = YES;
				CLANG_WARN_BOOL_CONVERSION = YES;
				CLANG_WARN_COMMA = YES;
				CLANG_WARN_CONSTANT_CONVERSION = YES;
				CLANG_WARN_DEPRECATED_OBJC_IMPLEMENTATIONS = YES;
				CLANG_WARN_DIRECT_OBJC_ISA_USAGE = YES_ERROR;
				CLANG_WARN_DOCUMENTATION_COMMENTS = YES;
				CLANG_WARN_EMPTY_BODY = YES;
				CLANG_WARN_ENUM_CONVERSION = YES;
				CLANG_WARN_INFINITE_RECURSION = YES;
				CLANG_WARN_INT_CONVERSION = YES;
				CLANG_WARN_NON_LITERAL_NULL_CONVERSION = YES;
				CLANG_WARN_OBJC_IMPLICIT_RETAIN_SELF = YES;
				CLANG_WARN_OBJC_LITERAL_CONVERSION = YES;
				CLANG_WARN_OBJC_ROOT_CLASS = YES_ERROR;
				CLANG_WARN_QUOTED_INCLUDE_IN_FRAMEWORK_HEADER = YES;
				CLANG_WARN_RANGE_LOOP_ANALYSIS = YES;
				CLANG_WARN_STRICT_PROTOTYPES = YES;
				CLANG_WARN_SUSPICIOUS_MOVE = YES;
				CLANG_WARN_UNGUARDED_AVAILABILITY = YES_AGGRESSIVE;
				CLANG_WARN_UNREACHABLE_CODE = YES;
				CLANG_WARN__DUPLICATE_METHOD_MATCH = YES;
				COPY_PHASE_STRIP = NO;
				DEBUG_INFORMATION_FORMAT = "dwarf-with-dsym";
				ENABLE_NS_ASSERTIONS = NO;
				ENABLE_STRICT_OBJC_MSGSEND = YES;
				GCC_C_LANGUAGE_STANDARD = gnu11;
				GCC_NO_COMMON_BLOCKS = YES;
				GCC_WARN_64_TO_32_BIT_CONVERSION = YES;
				GCC_WARN_ABOUT_RETURN_TYPE = YES_ERROR;
				GCC_WARN_UNDECLARED_SELECTOR = YES;
				GCC_WARN_UNINITIALIZED_AUTOS = YES_AGGRESSIVE;
				GCC_WARN_UNUSED_FUNCTION = YES;
				GCC_WARN_UNUSED_VARIABLE = YES;
				IPHONEOS_DEPLOYMENT_TARGET = 14.1;
				MTL_ENABLE_DEBUG_INFO = NO;
				MTL_FAST_MATH = YES;
				SDKROOT = iphoneos;
				SWIFT_COMPILATION_MODE = wholemodule;
				SWIFT_OPTIMIZATION_LEVEL = "-O";
				VALIDATE_PRODUCT = YES;
			};
			name = Release;
		};
		870DB0EB2838E24C00FE3C38 /* Debug */ = {
			isa = XCBuildConfiguration;
			buildSettings = {
				ASSETCATALOG_COMPILER_APPICON_NAME = AppIcon;
				ASSETCATALOG_COMPILER_GLOBAL_ACCENT_COLOR_NAME = AccentColor;
				CODE_SIGN_STYLE = Automatic;
				DEVELOPMENT_TEAM = 8JB9V66K7U;
				INFOPLIST_FILE = TimeChecker/Info.plist;
				LD_RUNPATH_SEARCH_PATHS = (
					"$(inherited)",
					"@executable_path/Frameworks",
				);
				PRODUCT_BUNDLE_IDENTIFIER = com.trung.TimeChecker;
				PRODUCT_NAME = "$(TARGET_NAME)";
				SWIFT_VERSION = 5.0;
				TARGETED_DEVICE_FAMILY = "1,2";
			};
			name = Debug;
		};
		870DB0EC2838E24C00FE3C38 /* Release */ = {
			isa = XCBuildConfiguration;
			buildSettings = {
				ASSETCATALOG_COMPILER_APPICON_NAME = AppIcon;
				ASSETCATALOG_COMPILER_GLOBAL_ACCENT_COLOR_NAME = AccentColor;
				CODE_SIGN_STYLE = Automatic;
				DEVELOPMENT_TEAM = 8JB9V66K7U;
				INFOPLIST_FILE = TimeChecker/Info.plist;
				LD_RUNPATH_SEARCH_PATHS = (
					"$(inherited)",
					"@executable_path/Frameworks",
				);
				PRODUCT_BUNDLE_IDENTIFIER = com.trung.TimeChecker;
				PRODUCT_NAME = "$(TARGET_NAME)";
				SWIFT_VERSION = 5.0;
				TARGETED_DEVICE_FAMILY = "1,2";
			};
			name = Release;
		};
/* End XCBuildConfiguration section */

/* Begin XCConfigurationList section */
		870DB0D12838E24900FE3C38 /* Build configuration list for PBXProject "TimeChecker" */ = {
			isa = XCConfigurationList;
			buildConfigurations = (
				870DB0E82838E24C00FE3C38 /* Debug */,
				870DB0E92838E24C00FE3C38 /* Release */,
			);
			defaultConfigurationIsVisible = 0;
			defaultConfigurationName = Release;
		};
		870DB0EA2838E24C00FE3C38 /* Build configuration list for PBXNativeTarget "TimeChecker" */ = {
			isa = XCConfigurationList;
			buildConfigurations = (
				870DB0EB2838E24C00FE3C38 /* Debug */,
				870DB0EC2838E24C00FE3C38 /* Release */,
			);
			defaultConfigurationIsVisible = 0;
			defaultConfigurationName = Release;
		};
/* End XCConfigurationList section */
	};
	rootObject = 870DB0CE2838E24900FE3C38 /* Project object */;
}
